lockfileVersion: '6.0'

settings:
  autoInstallPeers: true
  excludeLinksFromLockfile: false

devDependencies:
  http-server:
    specifier: ^0.12.3
    version: 0.12.3

packages:

  /async@2.6.3:
    resolution: {integrity: sha512-zflvls11DCy+dQWzTW2dzuilv8Z5X/pjfmZOWba6TNIVDm+2UDaJmXSOXlasHKfNBs8oo3M0aT50fDEWfKZjXg==}
    dependencies:
      lodash: 4.17.20
    dev: true

  /basic-auth@1.1.0:
    resolution: {integrity: sha1-RSIe5Cn37h5QNb4/UVM/HN/SmIQ=}
    engines: {node: '>= 0.6'}
    dev: true

  /colors@1.4.0:
    resolution: {integrity: sha512-a+UqTh4kgZg/SlGvfbzDHpgRu7AAQOmmqRHJnxhRZICKFUT91brVhNNt58CMWU9PsBbv3PDCZUHbVxuDiH2mtA==}
    engines: {node: '>=0.1.90'}
    dev: true

  /corser@2.0.1:
    resolution: {integrity: sha1-jtolLsqrWEDc2XXOuQ2TcMgZ/4c=}
    engines: {node: '>= 0.4.0'}
    dev: true

  /debug@3.2.7:
    resolution: {integrity: sha512-CFjzYYAi4ThfiQvizrFQevTTXHtnCqWfe7x1AhgEscTz6ZbLbfoLRLPugTQyBth6f8ZERVUSyWHFD/7Wu4t1XQ==}
    peerDependencies:
      supports-color: '*'
    peerDependenciesMeta:
      supports-color:
        optional: true
    dependencies:
      ms: 2.1.3
    dev: true

  /ecstatic@3.3.2:
    resolution: {integrity: sha512-fLf9l1hnwrHI2xn9mEDT7KIi22UDqA2jaCwyCbSUJh9a1V+LEUSL/JO/6TIz/QyuBURWUHrFL5Kg2TtO1bkkog==}
    hasBin: true
    dependencies:
      he: 1.2.0
      mime: 1.6.0
      minimist: 1.2.5
      url-join: 2.0.5
    dev: true

  /eventemitter3@4.0.7:
    resolution: {integrity: sha512-8guHBZCwKnFhYdHr2ysuRWErTwhoN2X8XELRlrRwpmfeY2jjuUN4taQMsULKUVo1K4DvZl+0pgfyoysHxvmvEw==}
    dev: true

  /follow-redirects@1.15.2:
    resolution: {integrity: sha512-VQLG33o04KaQ8uYi2tVNbdrWp1QWxNNea+nmIB4EVM28v0hmP17z7aG1+wAkNzVq4KeXTq3221ye5qTJP91JwA==}
    engines: {node: '>=4.0'}
    peerDependencies:
      debug: '*'
    peerDependenciesMeta:
      debug:
        optional: true
    dev: true

  /he@1.2.0:
    resolution: {integrity: sha512-F/1DnUGPopORZi0ni+CvrCgHQ5FyEAHRLSApuYWMmrbSwoN2Mn/7k+Gl38gJnR7yyDZk6WLXwiGod1JOWNDKGw==}
    hasBin: true
    dev: true

  /http-proxy@1.18.1:
    resolution: {integrity: sha512-7mz/721AbnJwIVbnaSv1Cz3Am0ZLT/UBwkC92VlxhXv/k/BBQfM2fXElQNC27BVGr0uwUpplYPQM9LnaBMR5NQ==}
    engines: {node: '>=8.0.0'}
    dependencies:
      eventemitter3: 4.0.7
      follow-redirects: 1.15.2
      requires-port: 1.0.0
    transitivePeerDependencies:
      - debug
    dev: true

  /http-server@0.12.3:
    resolution: {integrity: sha512-be0dKG6pni92bRjq0kvExtj/NrrAd28/8fCXkaI/4piTwQMSDSLMhWyW0NI1V+DBI3aa1HMlQu46/HjVLfmugA==}
    engines: {node: '>=6'}
    hasBin: true
    dependencies:
      basic-auth: 1.1.0
      colors: 1.4.0
      corser: 2.0.1
      ecstatic: 3.3.2
      http-proxy: 1.18.1
      minimist: 1.2.5
      opener: 1.5.2
      portfinder: 1.0.28
      secure-compare: 3.0.1
      union: 0.5.0
    transitivePeerDependencies:
      - debug
      - supports-color
    dev: true

  /lodash@4.17.20:
    resolution: {integrity: sha512-PlhdFcillOINfeV7Ni6oF1TAEayyZBoZ8bcshTHqOYJYlrqzRK5hagpagky5o4HfCzzd1TRkXPMFq6cKk9rGmA==}
    dev: true

  /mime@1.6.0:
    resolution: {integrity: sha512-x0Vn8spI+wuJ1O6S7gnbaQg8Pxh4NNHb7KSINmEWKiPE4RKOplvijn+NkmYmmRgP68mc70j2EbeTFRsrswaQeg==}
    engines: {node: '>=4'}
    hasBin: true
    dev: true

  /minimist@1.2.5:
    resolution: {integrity: sha512-FM9nNUYrRBAELZQT3xeZQ7fmMOBg6nWNmJKTcgsJeaLstP/UODVpGsr5OhXhhXg6f+qtJ8uiZ+PUxkDWcgIXLw==}
    dev: true

  /mkdirp@0.5.5:
    resolution: {integrity: sha512-NKmAlESf6jMGym1++R0Ra7wvhV+wFW63FaSOFPwRahvea0gMUcGUhVeAg/0BC0wiv9ih5NYPB1Wn1UEI1/L+xQ==}
    hasBin: true
    dependencies:
      minimist: 1.2.5
    dev: true

  /ms@2.1.3:
    resolution: {integrity: sha512-6FlzubTLZG3J2a/NVCAleEhjzq5oxgHyaCU9yYXvcLsvoVaHJq/s5xXI6/XXP6tz7R9xAOtHnSO/tXtF3WRTlA==}
    dev: true

  /opener@1.5.2:
    resolution: {integrity: sha512-ur5UIdyw5Y7yEj9wLzhqXiy6GZ3Mwx0yGI+5sMn2r0N0v3cKJvUmFH5yPP+WXh9e0xfyzyJX95D8l088DNFj7A==}
    hasBin: true
    dev: true

  /portfinder@1.0.28:
    resolution: {integrity: sha512-Se+2isanIcEqf2XMHjyUKskczxbPH7dQnlMjXX6+dybayyHvAf/TCgyMRlzf/B6QDhAEFOGes0pzRo3by4AbMA==}
    engines: {node: '>= 0.12.0'}
    dependencies:
      async: 2.6.3
      debug: 3.2.7
      mkdirp: 0.5.5
    transitivePeerDependencies:
      - supports-color
    dev: true

  /qs@6.9.6:
    resolution: {integrity: sha512-TIRk4aqYLNoJUbd+g2lEdz5kLWIuTMRagAXxl78Q0RiVjAOugHmeKNGdd3cwo/ktpf9aL9epCfFqWDEKysUlLQ==}
    engines: {node: '>=0.6'}
    dev: true

  /requires-port@1.0.0:
    resolution: {integrity: sha1-kl0mAdOaxIXgkc8NpcbmlNw9yv8=}
    dev: true

  /secure-compare@3.0.1:
    resolution: {integrity: sha1-8aAymzCLIh+uN7mXTz1XjQypmeM=}
    dev: true

  /union@0.5.0:
    resolution: {integrity: sha512-N6uOhuW6zO95P3Mel2I2zMsbsanvvtgn6jVqJv4vbVcz/JN0OkL9suomjQGmWtxJQXOCqUJvquc1sMeNz/IwlA==}
    engines: {node: '>= 0.8.0'}
    dependencies:
      qs: 6.9.6
    dev: true

  /url-join@2.0.5:
    resolution: {integrity: sha1-WvIvGMBSoACkjXuCxenC4v7tpyg=}
    dev: true
